
Microsoft Visual Studio Solution File, Format Version 12.00
# Visual Studio Version 17
VisualStudioVersion = 17.4.33205.214
MinimumVisualStudioVersion = 10.0.40219.1
Project("{FAE04EC0-301F-11D3-BF4B-00C04F79EFBC}") = "TestovaciProjekt", "TestovaciProjekt.csproj", "{60C2FCD2-75B3-4290-9C76-AE8E1BCA6F55}"
EndProject
Global
	GlobalSection(SolutionConfigurationPlatforms) = preSolution
		Debug|Any CPU = Debug|Any CPU
		Release|Any CPU = Release|Any CPU
	EndGlobalSection
	GlobalSection(ProjectConfigurationPlatforms) = postSolution
		{60C2FCD2-75B3-4290-9C76-AE8E1BCA6F55}.Debug|Any CPU.ActiveCfg = Debug|Any CPU
		{60C2FCD2-75B3-4290-9C76-AE8E1BCA6F55}.Debug|Any CPU.Build.0 = Debug|Any CPU
		{60C2FCD2-75B3-4290-9C76-AE8E1BCA6F55}.Release|Any CPU.ActiveCfg = Release|Any CPU
		{60C2FCD2-75B3-4290-9C76-AE8E1BCA6F55}.Release|Any CPU.Build.0 = Release|Any CPU
	EndGlobalSection
	GlobalSection(SolutionProperties) = preSolution
		HideSolutionNode = FALSE
	EndGlobalSection
	GlobalSection(ExtensibilityGlobals) = postSolution
		SolutionGuid = {AD7C289E-AF67-4020-8BEA-8B81C98A5408}
	EndGlobalSection
EndGlobal
